
Microsoft Visual Studio Solution File, Format Version 12.00
# Visual Studio Version 16
VisualStudioVersion = 16.0.30711.63
MinimumVisualStudioVersion = 10.0.40219.1
Project("{FAE04EC0-301F-11D3-BF4B-00C04F79EFBC}") = "Obrobka_DSC_Class", "Obrobka_DSC_Class.csproj", "{08A46229-62AE-4DB5-9EA4-056A459DF42D}"
EndProject
Global
	GlobalSection(SolutionConfigurationPlatforms) = preSolution
		Debug|Any CPU = Debug|Any CPU
		Release|Any CPU = Release|Any CPU
	EndGlobalSection
	GlobalSection(ProjectConfigurationPlatforms) = postSolution
		{08A46229-62AE-4DB5-9EA4-056A459DF42D}.Debug|Any CPU.ActiveCfg = Debug|Any CPU
		{08A46229-62AE-4DB5-9EA4-056A459DF42D}.Debug|Any CPU.Build.0 = Debug|Any CPU
		{08A46229-62AE-4DB5-9EA4-056A459DF42D}.Release|Any CPU.ActiveCfg = Release|Any CPU
		{08A46229-62AE-4DB5-9EA4-056A459DF42D}.Release|Any CPU.Build.0 = Release|Any CPU
	EndGlobalSection
	GlobalSection(SolutionProperties) = preSolution
		HideSolutionNode = FALSE
	EndGlobalSection
	GlobalSection(ExtensibilityGlobals) = postSolution
		SolutionGuid = {A09C99A2-7CC2-4DFA-AA1C-5352712A19E5}
	EndGlobalSection
EndGlobal
